
Microsoft Visual Studio Solution File, Format Version 12.00
# Visual Studio Version 16
VisualStudioVersion = 16.0.808.10
MinimumVisualStudioVersion = 10.0.40219.1
Project("{FAE04EC0-301F-11D3-BF4B-00C04F79EFBC}") = "linq-tester", "linq-tester\linq-tester.csproj", "{92748FB1-01F2-4070-86B9-DE69890F7B80}"
EndProject
Project("{FAE04EC0-301F-11D3-BF4B-00C04F79EFBC}") = "name-linq", "name-linq\name-linq.csproj", "{BC72CABA-F10D-471D-8014-3E66405FFFC4}"
EndProject
Project("{FAE04EC0-301F-11D3-BF4B-00C04F79EFBC}") = "console-extension", "console-extension\console-extension.csproj", "{3333A98B-C45A-49F6-AA19-76E0824C1366}"
EndProject
Project("{FAE04EC0-301F-11D3-BF4B-00C04F79EFBC}") = "ColdJurkey", "ColdJurkey\ColdJurkey.csproj", "{9B08D1DE-875A-445F-B305-F2493ACE7EB8}"
EndProject
Project("{FAE04EC0-301F-11D3-BF4B-00C04F79EFBC}") = "PlayerStore", "PlayerStore\PlayerStore.csproj", "{A41A227E-EC21-4C47-A848-5DFC13ACAD03}"
EndProject
Global
	GlobalSection(SolutionConfigurationPlatforms) = preSolution
		Debug|Any CPU = Debug|Any CPU
		Release|Any CPU = Release|Any CPU
	EndGlobalSection
	GlobalSection(ProjectConfigurationPlatforms) = postSolution
		{92748FB1-01F2-4070-86B9-DE69890F7B80}.Debug|Any CPU.ActiveCfg = Debug|Any CPU
		{92748FB1-01F2-4070-86B9-DE69890F7B80}.Debug|Any CPU.Build.0 = Debug|Any CPU
		{92748FB1-01F2-4070-86B9-DE69890F7B80}.Release|Any CPU.ActiveCfg = Release|Any CPU
		{92748FB1-01F2-4070-86B9-DE69890F7B80}.Release|Any CPU.Build.0 = Release|Any CPU
		{BC72CABA-F10D-471D-8014-3E66405FFFC4}.Debug|Any CPU.ActiveCfg = Debug|Any CPU
		{BC72CABA-F10D-471D-8014-3E66405FFFC4}.Debug|Any CPU.Build.0 = Debug|Any CPU
		{BC72CABA-F10D-471D-8014-3E66405FFFC4}.Release|Any CPU.ActiveCfg = Release|Any CPU
		{BC72CABA-F10D-471D-8014-3E66405FFFC4}.Release|Any CPU.Build.0 = Release|Any CPU
		{3333A98B-C45A-49F6-AA19-76E0824C1366}.Debug|Any CPU.ActiveCfg = Debug|Any CPU
		{3333A98B-C45A-49F6-AA19-76E0824C1366}.Debug|Any CPU.Build.0 = Debug|Any CPU
		{3333A98B-C45A-49F6-AA19-76E0824C1366}.Release|Any CPU.ActiveCfg = Release|Any CPU
		{3333A98B-C45A-49F6-AA19-76E0824C1366}.Release|Any CPU.Build.0 = Release|Any CPU
		{9B08D1DE-875A-445F-B305-F2493ACE7EB8}.Debug|Any CPU.ActiveCfg = Debug|Any CPU
		{9B08D1DE-875A-445F-B305-F2493ACE7EB8}.Debug|Any CPU.Build.0 = Debug|Any CPU
		{9B08D1DE-875A-445F-B305-F2493ACE7EB8}.Release|Any CPU.ActiveCfg = Release|Any CPU
		{9B08D1DE-875A-445F-B305-F2493ACE7EB8}.Release|Any CPU.Build.0 = Release|Any CPU
		{A41A227E-EC21-4C47-A848-5DFC13ACAD03}.Debug|Any CPU.ActiveCfg = Debug|Any CPU
		{A41A227E-EC21-4C47-A848-5DFC13ACAD03}.Debug|Any CPU.Build.0 = Debug|Any CPU
		{A41A227E-EC21-4C47-A848-5DFC13ACAD03}.Release|Any CPU.ActiveCfg = Release|Any CPU
		{A41A227E-EC21-4C47-A848-5DFC13ACAD03}.Release|Any CPU.Build.0 = Release|Any CPU
	EndGlobalSection
	GlobalSection(SolutionProperties) = preSolution
		HideSolutionNode = FALSE
	EndGlobalSection
	GlobalSection(ExtensibilityGlobals) = postSolution
		SolutionGuid = {EC1D5D83-FA97-4237-8DA0-43A6D7BF8559}
	EndGlobalSection
EndGlobal
